
Microsoft Visual Studio Solution File, Format Version 12.00
# Visual Studio Version 17
VisualStudioVersion = 17.5.33516.290
MinimumVisualStudioVersion = 10.0.40219.1
Project("{FAE04EC0-301F-11D3-BF4B-00C04F79EFBC}") = "Ababiy&Siglov13.1(1)", "Ababiy&Siglov13.1(1).csproj", "{A7D15175-E5B3-4D3C-8B32-2E1B77B9D4A5}"
EndProject
Global
	GlobalSection(SolutionConfigurationPlatforms) = preSolution
		Debug|Any CPU = Debug|Any CPU
		Release|Any CPU = Release|Any CPU
	EndGlobalSection
	GlobalSection(ProjectConfigurationPlatforms) = postSolution
		{A7D15175-E5B3-4D3C-8B32-2E1B77B9D4A5}.Debug|Any CPU.ActiveCfg = Debug|Any CPU
		{A7D15175-E5B3-4D3C-8B32-2E1B77B9D4A5}.Debug|Any CPU.Build.0 = Debug|Any CPU
		{A7D15175-E5B3-4D3C-8B32-2E1B77B9D4A5}.Release|Any CPU.ActiveCfg = Release|Any CPU
		{A7D15175-E5B3-4D3C-8B32-2E1B77B9D4A5}.Release|Any CPU.Build.0 = Release|Any CPU
	EndGlobalSection
	GlobalSection(SolutionProperties) = preSolution
		HideSolutionNode = FALSE
	EndGlobalSection
	GlobalSection(ExtensibilityGlobals) = postSolution
		SolutionGuid = {C0785A7D-FDD5-4997-9AD8-31D7A4F52E41}
	EndGlobalSection
EndGlobal
